
Microsoft Visual Studio Solution File, Format Version 12.00
# Visual Studio 15
VisualStudioVersion = 15.0.27130.0
MinimumVisualStudioVersion = 10.0.40219.1
Project("{2150E333-8FDC-42A3-9474-1A3956D46DE8}") = "src", "src", "{8BAA42E5-6635-44C8-BD08-4D4C7909DEAF}"
EndProject
Project("{E53339B2-1760-4266-BCC7-CA923CBCF16C}") = "docker-compose", "docker-compose.dcproj", "{FA5DA0A4-5D8B-4675-B4EE-93F992A35D01}"
EndProject
Project("{2150E333-8FDC-42A3-9474-1A3956D46DE8}") = "Web", "Web", "{618A8A93-5E8C-4264-80C7-774DADEB295A}"
EndProject
Project("{2150E333-8FDC-42A3-9474-1A3956D46DE8}") = "SPA", "SPA", "{93679FA9-14D8-4AE3-98B3-C9086F16F955}"
EndProject
Project("{2150E333-8FDC-42A3-9474-1A3956D46DE8}") = "MVC", "MVC", "{536401EA-BA09-4A88-8BD6-40A657C36866}"
EndProject
Project("{9A19103F-16F7-4668-BE54-9A1E7A4F7556}") = "WebMVC", "src\Web\MVC\WebMVC\WebMVC.csproj", "{BF3AC280-B688-4E1C-AA60-E351B9537DCF}"
EndProject
Project("{9A19103F-16F7-4668-BE54-9A1E7A4F7556}") = "WebReact", "src\Web\SPA\WebReact\WebReact.csproj", "{E6C708B7-4AF1-4C31-94E0-9FA7A398FFA6}"
EndProject
Project("{2150E333-8FDC-42A3-9474-1A3956D46DE8}") = "Mobile", "Mobile", "{506BBE30-04AF-4803-8D36-C54AEBAD1688}"
EndProject
Project("{9A19103F-16F7-4668-BE54-9A1E7A4F7556}") = "WebAngular", "src\Web\SPA\WebAngular\WebAngular.csproj", "{86E4C011-967C-4178-A968-7000CA7CFF5A}"
EndProject
Project("{2150E333-8FDC-42A3-9474-1A3956D46DE8}") = "Services", "Services", "{914C31FA-B304-4286-BDDE-C077A3F15E51}"
EndProject
Project("{2150E333-8FDC-42A3-9474-1A3956D46DE8}") = "Delivery", "Delivery", "{7B1B6E35-C7A7-4761-943F-176533CF9A4E}"
EndProject
Project("{9A19103F-16F7-4668-BE54-9A1E7A4F7556}") = "Delivery.API", "src\Services\Delivery\Delivery.API\Delivery.API.csproj", "{AFDBD1F4-4BDD-4122-848A-8EA2F25CD194}"
EndProject
Project("{2150E333-8FDC-42A3-9474-1A3956D46DE8}") = "pininosMobile", "pininosMobile", "{9B9D10FA-EF5C-4C3D-903C-0DBBFBAB9A73}"
EndProject
Project("{FAE04EC0-301F-11D3-BF4B-00C04F79EFBC}") = "pininosApp.Android", "src\Mobile\pininosApp\pininosApp.Android\pininosApp.Android.csproj", "{BB47D7D1-1AE9-4F4C-A39A-0DF454F94206}"
EndProject
Project("{FAE04EC0-301F-11D3-BF4B-00C04F79EFBC}") = "pininosApp.iOS", "src\Mobile\pininosApp\pininosApp.iOS\pininosApp.iOS.csproj", "{03D17BA9-F2C2-4B4E-A0CC-7C5EFFE8F1D7}"
EndProject
Project("{D954291E-2A0B-460D-934E-DC6B0785DB48}") = "pininosApp", "src\Mobile\pininosApp\pininosApp\pininosApp.shproj", "{7D972E8D-F761-4E7A-B8BF-46E612DD4E98}"
EndProject
Project("{2150E333-8FDC-42A3-9474-1A3956D46DE8}") = "Catalog", "Catalog", "{DEAC456B-B06B-4729-8017-4F7F8493A0C0}"
EndProject
Project("{9A19103F-16F7-4668-BE54-9A1E7A4F7556}") = "Catalog.API", "src\Services\Catalog\Catalog.API\Catalog.API.csproj", "{64014CA7-29A9-4A01-8C4B-6E4A8940599F}"
EndProject
Project("{2150E333-8FDC-42A3-9474-1A3956D46DE8}") = "Data", "Data", "{7333F6EC-9585-4760-B189-4EDC65FD0A60}"
EndProject
Project("{2150E333-8FDC-42A3-9474-1A3956D46DE8}") = "Delivery", "Delivery", "{0617C697-6392-4C2A-A9BC-CEA30145277A}"
EndProject
Project("{2150E333-8FDC-42A3-9474-1A3956D46DE8}") = "User", "User", "{CF02A4E2-30BF-432A-A6D7-62AF859A8FFD}"
EndProject
Project("{2150E333-8FDC-42A3-9474-1A3956D46DE8}") = "User", "User", "{0F63EF31-60D9-44F1-A13C-07A3D98BAD4F}"
EndProject
Project("{2150E333-8FDC-42A3-9474-1A3956D46DE8}") = "Model", "Model", "{67513032-8CF0-4741-AFC6-4308B8A88FE8}"
EndProject
Project("{9A19103F-16F7-4668-BE54-9A1E7A4F7556}") = "ContainersModel", "ContainersModel\ContainersModel.csproj", "{848FC59D-BBAD-46FD-A3E7-FB894A98956B}"
EndProject
Project("{9A19103F-16F7-4668-BE54-9A1E7A4F7556}") = "User.Data", "src\Data\User\User.Data\User.Data.csproj", "{8D491BAD-7A5C-45B8-A63C-3C304B30B8DC}"
EndProject
Project("{9A19103F-16F7-4668-BE54-9A1E7A4F7556}") = "User.API", "src\Services\User\User.API\User.API.csproj", "{EB5579E2-D05B-48AE-BD97-595E7EB63C63}"
EndProject
Project("{9A19103F-16F7-4668-BE54-9A1E7A4F7556}") = "User.Service", "src\Services\User\User.Service\User.Service.csproj", "{2754432C-E714-45BE-A31C-2C55C198D197}"
EndProject
Global
	GlobalSection(SharedMSBuildProjectFiles) = preSolution
		src\Mobile\pininosApp\pininosApp\pininosApp.projitems*{03d17ba9-f2c2-4b4e-a0cc-7c5effe8f1d7}*SharedItemsImports = 4
		src\Mobile\pininosApp\pininosApp\pininosApp.projitems*{7d972e8d-f761-4e7a-b8bf-46e612dd4e98}*SharedItemsImports = 13
		src\Mobile\pininosApp\pininosApp\pininosApp.projitems*{bb47d7d1-1ae9-4f4c-a39a-0df454f94206}*SharedItemsImports = 4
	EndGlobalSection
	GlobalSection(SolutionConfigurationPlatforms) = preSolution
		Ad-Hoc|Any CPU = Ad-Hoc|Any CPU
		Ad-Hoc|iPhone = Ad-Hoc|iPhone
		Ad-Hoc|iPhoneSimulator = Ad-Hoc|iPhoneSimulator
		AppStore|Any CPU = AppStore|Any CPU
		AppStore|iPhone = AppStore|iPhone
		AppStore|iPhoneSimulator = AppStore|iPhoneSimulator
		Debug|Any CPU = Debug|Any CPU
		Debug|iPhone = Debug|iPhone
		Debug|iPhoneSimulator = Debug|iPhoneSimulator
		Release|Any CPU = Release|Any CPU
		Release|iPhone = Release|iPhone
		Release|iPhoneSimulator = Release|iPhoneSimulator
	EndGlobalSection
	GlobalSection(ProjectConfigurationPlatforms) = postSolution
		{FA5DA0A4-5D8B-4675-B4EE-93F992A35D01}.Ad-Hoc|Any CPU.ActiveCfg = Release|Any CPU
		{FA5DA0A4-5D8B-4675-B4EE-93F992A35D01}.Ad-Hoc|Any CPU.Build.0 = Release|Any CPU
		{FA5DA0A4-5D8B-4675-B4EE-93F992A35D01}.Ad-Hoc|iPhone.ActiveCfg = Release|Any CPU
		{FA5DA0A4-5D8B-4675-B4EE-93F992A35D01}.Ad-Hoc|iPhone.Build.0 = Release|Any CPU
		{FA5DA0A4-5D8B-4675-B4EE-93F992A35D01}.Ad-Hoc|iPhoneSimulator.ActiveCfg = Release|Any CPU
		{FA5DA0A4-5D8B-4675-B4EE-93F992A35D01}.Ad-Hoc|iPhoneSimulator.Build.0 = Release|Any CPU
		{FA5DA0A4-5D8B-4675-B4EE-93F992A35D01}.AppStore|Any CPU.ActiveCfg = Release|Any CPU
		{FA5DA0A4-5D8B-4675-B4EE-93F992A35D01}.AppStore|Any CPU.Build.0 = Release|Any CPU
		{FA5DA0A4-5D8B-4675-B4EE-93F992A35D01}.AppStore|iPhone.ActiveCfg = Release|Any CPU
		{FA5DA0A4-5D8B-4675-B4EE-93F992A35D01}.AppStore|iPhone.Build.0 = Release|Any CPU
		{FA5DA0A4-5D8B-4675-B4EE-93F992A35D01}.AppStore|iPhoneSimulator.ActiveCfg = Release|Any CPU
		{FA5DA0A4-5D8B-4675-B4EE-93F992A35D01}.AppStore|iPhoneSimulator.Build.0 = Release|Any CPU
		{FA5DA0A4-5D8B-4675-B4EE-93F992A35D01}.Debug|Any CPU.ActiveCfg = Debug|Any CPU
		{FA5DA0A4-5D8B-4675-B4EE-93F992A35D01}.Debug|Any CPU.Build.0 = Debug|Any CPU
		{FA5DA0A4-5D8B-4675-B4EE-93F992A35D01}.Debug|iPhone.ActiveCfg = Debug|Any CPU
		{FA5DA0A4-5D8B-4675-B4EE-93F992A35D01}.Debug|iPhone.Build.0 = Debug|Any CPU
		{FA5DA0A4-5D8B-4675-B4EE-93F992A35D01}.Debug|iPhoneSimulator.ActiveCfg = Debug|Any CPU
		{FA5DA0A4-5D8B-4675-B4EE-93F992A35D01}.Debug|iPhoneSimulator.Build.0 = Debug|Any CPU
		{FA5DA0A4-5D8B-4675-B4EE-93F992A35D01}.Release|Any CPU.ActiveCfg = Release|Any CPU
		{FA5DA0A4-5D8B-4675-B4EE-93F992A35D01}.Release|Any CPU.Build.0 = Release|Any CPU
		{FA5DA0A4-5D8B-4675-B4EE-93F992A35D01}.Release|iPhone.ActiveCfg = Release|Any CPU
		{FA5DA0A4-5D8B-4675-B4EE-93F992A35D01}.Release|iPhone.Build.0 = Release|Any CPU
		{FA5DA0A4-5D8B-4675-B4EE-93F992A35D01}.Release|iPhoneSimulator.ActiveCfg = Release|Any CPU
		{FA5DA0A4-5D8B-4675-B4EE-93F992A35D01}.Release|iPhoneSimulator.Build.0 = Release|Any CPU
		{BF3AC280-B688-4E1C-AA60-E351B9537DCF}.Ad-Hoc|Any CPU.ActiveCfg = Release|Any CPU
		{BF3AC280-B688-4E1C-AA60-E351B9537DCF}.Ad-Hoc|Any CPU.Build.0 = Release|Any CPU
		{BF3AC280-B688-4E1C-AA60-E351B9537DCF}.Ad-Hoc|iPhone.ActiveCfg = Release|Any CPU
		{BF3AC280-B688-4E1C-AA60-E351B9537DCF}.Ad-Hoc|iPhone.Build.0 = Release|Any CPU
		{BF3AC280-B688-4E1C-AA60-E351B9537DCF}.Ad-Hoc|iPhoneSimulator.ActiveCfg = Release|Any CPU
		{BF3AC280-B688-4E1C-AA60-E351B9537DCF}.Ad-Hoc|iPhoneSimulator.Build.0 = Release|Any CPU
		{BF3AC280-B688-4E1C-AA60-E351B9537DCF}.AppStore|Any CPU.ActiveCfg = Release|Any CPU
		{BF3AC280-B688-4E1C-AA60-E351B9537DCF}.AppStore|Any CPU.Build.0 = Release|Any CPU
		{BF3AC280-B688-4E1C-AA60-E351B9537DCF}.AppStore|iPhone.ActiveCfg = Release|Any CPU
		{BF3AC280-B688-4E1C-AA60-E351B9537DCF}.AppStore|iPhone.Build.0 = Release|Any CPU
		{BF3AC280-B688-4E1C-AA60-E351B9537DCF}.AppStore|iPhoneSimulator.ActiveCfg = Release|Any CPU
		{BF3AC280-B688-4E1C-AA60-E351B9537DCF}.AppStore|iPhoneSimulator.Build.0 = Release|Any CPU
		{BF3AC280-B688-4E1C-AA60-E351B9537DCF}.Debug|Any CPU.ActiveCfg = Debug|Any CPU
		{BF3AC280-B688-4E1C-AA60-E351B9537DCF}.Debug|Any CPU.Build.0 = Debug|Any CPU
		{BF3AC280-B688-4E1C-AA60-E351B9537DCF}.Debug|iPhone.ActiveCfg = Debug|Any CPU
		{BF3AC280-B688-4E1C-AA60-E351B9537DCF}.Debug|iPhone.Build.0 = Debug|Any CPU
		{BF3AC280-B688-4E1C-AA60-E351B9537DCF}.Debug|iPhoneSimulator.ActiveCfg = Debug|Any CPU
		{BF3AC280-B688-4E1C-AA60-E351B9537DCF}.Debug|iPhoneSimulator.Build.0 = Debug|Any CPU
		{BF3AC280-B688-4E1C-AA60-E351B9537DCF}.Release|Any CPU.ActiveCfg = Release|Any CPU
		{BF3AC280-B688-4E1C-AA60-E351B9537DCF}.Release|Any CPU.Build.0 = Release|Any CPU
		{BF3AC280-B688-4E1C-AA60-E351B9537DCF}.Release|iPhone.ActiveCfg = Release|Any CPU
		{BF3AC280-B688-4E1C-AA60-E351B9537DCF}.Release|iPhone.Build.0 = Release|Any CPU
		{BF3AC280-B688-4E1C-AA60-E351B9537DCF}.Release|iPhoneSimulator.ActiveCfg = Release|Any CPU
		{BF3AC280-B688-4E1C-AA60-E351B9537DCF}.Release|iPhoneSimulator.Build.0 = Release|Any CPU
		{E6C708B7-4AF1-4C31-94E0-9FA7A398FFA6}.Ad-Hoc|Any CPU.ActiveCfg = Release|Any CPU
		{E6C708B7-4AF1-4C31-94E0-9FA7A398FFA6}.Ad-Hoc|Any CPU.Build.0 = Release|Any CPU
		{E6C708B7-4AF1-4C31-94E0-9FA7A398FFA6}.Ad-Hoc|iPhone.ActiveCfg = Release|Any CPU
		{E6C708B7-4AF1-4C31-94E0-9FA7A398FFA6}.Ad-Hoc|iPhone.Build.0 = Release|Any CPU
		{E6C708B7-4AF1-4C31-94E0-9FA7A398FFA6}.Ad-Hoc|iPhoneSimulator.ActiveCfg = Release|Any CPU
		{E6C708B7-4AF1-4C31-94E0-9FA7A398FFA6}.Ad-Hoc|iPhoneSimulator.Build.0 = Release|Any CPU
		{E6C708B7-4AF1-4C31-94E0-9FA7A398FFA6}.AppStore|Any CPU.ActiveCfg = Release|Any CPU
		{E6C708B7-4AF1-4C31-94E0-9FA7A398FFA6}.AppStore|Any CPU.Build.0 = Release|Any CPU
		{E6C708B7-4AF1-4C31-94E0-9FA7A398FFA6}.AppStore|iPhone.ActiveCfg = Release|Any CPU
		{E6C708B7-4AF1-4C31-94E0-9FA7A398FFA6}.AppStore|iPhone.Build.0 = Release|Any CPU
		{E6C708B7-4AF1-4C31-94E0-9FA7A398FFA6}.AppStore|iPhoneSimulator.ActiveCfg = Release|Any CPU
		{E6C708B7-4AF1-4C31-94E0-9FA7A398FFA6}.AppStore|iPhoneSimulator.Build.0 = Release|Any CPU
		{E6C708B7-4AF1-4C31-94E0-9FA7A398FFA6}.Debug|Any CPU.ActiveCfg = Debug|Any CPU
		{E6C708B7-4AF1-4C31-94E0-9FA7A398FFA6}.Debug|Any CPU.Build.0 = Debug|Any CPU
		{E6C708B7-4AF1-4C31-94E0-9FA7A398FFA6}.Debug|iPhone.ActiveCfg = Debug|Any CPU
		{E6C708B7-4AF1-4C31-94E0-9FA7A398FFA6}.Debug|iPhone.Build.0 = Debug|Any CPU
		{E6C708B7-4AF1-4C31-94E0-9FA7A398FFA6}.Debug|iPhoneSimulator.ActiveCfg = Debug|Any CPU
		{E6C708B7-4AF1-4C31-94E0-9FA7A398FFA6}.Debug|iPhoneSimulator.Build.0 = Debug|Any CPU
		{E6C708B7-4AF1-4C31-94E0-9FA7A398FFA6}.Release|Any CPU.ActiveCfg = Release|Any CPU
		{E6C708B7-4AF1-4C31-94E0-9FA7A398FFA6}.Release|Any CPU.Build.0 = Release|Any CPU
		{E6C708B7-4AF1-4C31-94E0-9FA7A398FFA6}.Release|iPhone.ActiveCfg = Release|Any CPU
		{E6C708B7-4AF1-4C31-94E0-9FA7A398FFA6}.Release|iPhone.Build.0 = Release|Any CPU
		{E6C708B7-4AF1-4C31-94E0-9FA7A398FFA6}.Release|iPhoneSimulator.ActiveCfg = Release|Any CPU
		{E6C708B7-4AF1-4C31-94E0-9FA7A398FFA6}.Release|iPhoneSimulator.Build.0 = Release|Any CPU
		{86E4C011-967C-4178-A968-7000CA7CFF5A}.Ad-Hoc|Any CPU.ActiveCfg = Debug|Any CPU
		{86E4C011-967C-4178-A968-7000CA7CFF5A}.Ad-Hoc|Any CPU.Build.0 = Debug|Any CPU
		{86E4C011-967C-4178-A968-7000CA7CFF5A}.Ad-Hoc|iPhone.ActiveCfg = Debug|Any CPU
		{86E4C011-967C-4178-A968-7000CA7CFF5A}.Ad-Hoc|iPhone.Build.0 = Debug|Any CPU
		{86E4C011-967C-4178-A968-7000CA7CFF5A}.Ad-Hoc|iPhoneSimulator.ActiveCfg = Debug|Any CPU
		{86E4C011-967C-4178-A968-7000CA7CFF5A}.Ad-Hoc|iPhoneSimulator.Build.0 = Debug|Any CPU
		{86E4C011-967C-4178-A968-7000CA7CFF5A}.AppStore|Any CPU.ActiveCfg = Debug|Any CPU
		{86E4C011-967C-4178-A968-7000CA7CFF5A}.AppStore|Any CPU.Build.0 = Debug|Any CPU
		{86E4C011-967C-4178-A968-7000CA7CFF5A}.AppStore|iPhone.ActiveCfg = Debug|Any CPU
		{86E4C011-967C-4178-A968-7000CA7CFF5A}.AppStore|iPhone.Build.0 = Debug|Any CPU
		{86E4C011-967C-4178-A968-7000CA7CFF5A}.AppStore|iPhoneSimulator.ActiveCfg = Debug|Any CPU
		{86E4C011-967C-4178-A968-7000CA7CFF5A}.AppStore|iPhoneSimulator.Build.0 = Debug|Any CPU
		{86E4C011-967C-4178-A968-7000CA7CFF5A}.Debug|Any CPU.ActiveCfg = Debug|Any CPU
		{86E4C011-967C-4178-A968-7000CA7CFF5A}.Debug|Any CPU.Build.0 = Debug|Any CPU
		{86E4C011-967C-4178-A968-7000CA7CFF5A}.Debug|iPhone.ActiveCfg = Debug|Any CPU
		{86E4C011-967C-4178-A968-7000CA7CFF5A}.Debug|iPhone.Build.0 = Debug|Any CPU
		{86E4C011-967C-4178-A968-7000CA7CFF5A}.Debug|iPhoneSimulator.ActiveCfg = Debug|Any CPU
		{86E4C011-967C-4178-A968-7000CA7CFF5A}.Debug|iPhoneSimulator.Build.0 = Debug|Any CPU
		{86E4C011-967C-4178-A968-7000CA7CFF5A}.Release|Any CPU.ActiveCfg = Release|Any CPU
		{86E4C011-967C-4178-A968-7000CA7CFF5A}.Release|Any CPU.Build.0 = Release|Any CPU
		{86E4C011-967C-4178-A968-7000CA7CFF5A}.Release|iPhone.ActiveCfg = Release|Any CPU
		{86E4C011-967C-4178-A968-7000CA7CFF5A}.Release|iPhone.Build.0 = Release|Any CPU
		{86E4C011-967C-4178-A968-7000CA7CFF5A}.Release|iPhoneSimulator.ActiveCfg = Release|Any CPU
		{86E4C011-967C-4178-A968-7000CA7CFF5A}.Release|iPhoneSimulator.Build.0 = Release|Any CPU
		{AFDBD1F4-4BDD-4122-848A-8EA2F25CD194}.Ad-Hoc|Any CPU.ActiveCfg = Debug|Any CPU
		{AFDBD1F4-4BDD-4122-848A-8EA2F25CD194}.Ad-Hoc|Any CPU.Build.0 = Debug|Any CPU
		{AFDBD1F4-4BDD-4122-848A-8EA2F25CD194}.Ad-Hoc|iPhone.ActiveCfg = Debug|Any CPU
		{AFDBD1F4-4BDD-4122-848A-8EA2F25CD194}.Ad-Hoc|iPhone.Build.0 = Debug|Any CPU
		{AFDBD1F4-4BDD-4122-848A-8EA2F25CD194}.Ad-Hoc|iPhoneSimulator.ActiveCfg = Debug|Any CPU
		{AFDBD1F4-4BDD-4122-848A-8EA2F25CD194}.Ad-Hoc|iPhoneSimulator.Build.0 = Debug|Any CPU
		{AFDBD1F4-4BDD-4122-848A-8EA2F25CD194}.AppStore|Any CPU.ActiveCfg = Debug|Any CPU
		{AFDBD1F4-4BDD-4122-848A-8EA2F25CD194}.AppStore|Any CPU.Build.0 = Debug|Any CPU
		{AFDBD1F4-4BDD-4122-848A-8EA2F25CD194}.AppStore|iPhone.ActiveCfg = Debug|Any CPU
		{AFDBD1F4-4BDD-4122-848A-8EA2F25CD194}.AppStore|iPhone.Build.0 = Debug|Any CPU
		{AFDBD1F4-4BDD-4122-848A-8EA2F25CD194}.AppStore|iPhoneSimulator.ActiveCfg = Debug|Any CPU
		{AFDBD1F4-4BDD-4122-848A-8EA2F25CD194}.AppStore|iPhoneSimulator.Build.0 = Debug|Any CPU
		{AFDBD1F4-4BDD-4122-848A-8EA2F25CD194}.Debug|Any CPU.ActiveCfg = Debug|Any CPU
		{AFDBD1F4-4BDD-4122-848A-8EA2F25CD194}.Debug|Any CPU.Build.0 = Debug|Any CPU
		{AFDBD1F4-4BDD-4122-848A-8EA2F25CD194}.Debug|iPhone.ActiveCfg = Debug|Any CPU
		{AFDBD1F4-4BDD-4122-848A-8EA2F25CD194}.Debug|iPhone.Build.0 = Debug|Any CPU
		{AFDBD1F4-4BDD-4122-848A-8EA2F25CD194}.Debug|iPhoneSimulator.ActiveCfg = Debug|Any CPU
		{AFDBD1F4-4BDD-4122-848A-8EA2F25CD194}.Debug|iPhoneSimulator.Build.0 = Debug|Any CPU
		{AFDBD1F4-4BDD-4122-848A-8EA2F25CD194}.Release|Any CPU.ActiveCfg = Release|Any CPU
		{AFDBD1F4-4BDD-4122-848A-8EA2F25CD194}.Release|Any CPU.Build.0 = Release|Any CPU
		{AFDBD1F4-4BDD-4122-848A-8EA2F25CD194}.Release|iPhone.ActiveCfg = Release|Any CPU
		{AFDBD1F4-4BDD-4122-848A-8EA2F25CD194}.Release|iPhone.Build.0 = Release|Any CPU
		{AFDBD1F4-4BDD-4122-848A-8EA2F25CD194}.Release|iPhoneSimulator.ActiveCfg = Release|Any CPU
		{AFDBD1F4-4BDD-4122-848A-8EA2F25CD194}.Release|iPhoneSimulator.Build.0 = Release|Any CPU
		{BB47D7D1-1AE9-4F4C-A39A-0DF454F94206}.Ad-Hoc|Any CPU.ActiveCfg = Release|Any CPU
		{BB47D7D1-1AE9-4F4C-A39A-0DF454F94206}.Ad-Hoc|Any CPU.Build.0 = Release|Any CPU
		{BB47D7D1-1AE9-4F4C-A39A-0DF454F94206}.Ad-Hoc|Any CPU.Deploy.0 = Release|Any CPU
		{BB47D7D1-1AE9-4F4C-A39A-0DF454F94206}.Ad-Hoc|iPhone.ActiveCfg = Release|Any CPU
		{BB47D7D1-1AE9-4F4C-A39A-0DF454F94206}.Ad-Hoc|iPhone.Build.0 = Release|Any CPU
		{BB47D7D1-1AE9-4F4C-A39A-0DF454F94206}.Ad-Hoc|iPhone.Deploy.0 = Release|Any CPU
		{BB47D7D1-1AE9-4F4C-A39A-0DF454F94206}.Ad-Hoc|iPhoneSimulator.ActiveCfg = Release|Any CPU
		{BB47D7D1-1AE9-4F4C-A39A-0DF454F94206}.Ad-Hoc|iPhoneSimulator.Build.0 = Release|Any CPU
		{BB47D7D1-1AE9-4F4C-A39A-0DF454F94206}.Ad-Hoc|iPhoneSimulator.Deploy.0 = Release|Any CPU
		{BB47D7D1-1AE9-4F4C-A39A-0DF454F94206}.AppStore|Any CPU.ActiveCfg = Release|Any CPU
		{BB47D7D1-1AE9-4F4C-A39A-0DF454F94206}.AppStore|Any CPU.Build.0 = Release|Any CPU
		{BB47D7D1-1AE9-4F4C-A39A-0DF454F94206}.AppStore|Any CPU.Deploy.0 = Release|Any CPU
		{BB47D7D1-1AE9-4F4C-A39A-0DF454F94206}.AppStore|iPhone.ActiveCfg = Release|Any CPU
		{BB47D7D1-1AE9-4F4C-A39A-0DF454F94206}.AppStore|iPhone.Build.0 = Release|Any CPU
		{BB47D7D1-1AE9-4F4C-A39A-0DF454F94206}.AppStore|iPhone.Deploy.0 = Release|Any CPU
		{BB47D7D1-1AE9-4F4C-A39A-0DF454F94206}.AppStore|iPhoneSimulator.ActiveCfg = Release|Any CPU
		{BB47D7D1-1AE9-4F4C-A39A-0DF454F94206}.AppStore|iPhoneSimulator.Build.0 = Release|Any CPU
		{BB47D7D1-1AE9-4F4C-A39A-0DF454F94206}.AppStore|iPhoneSimulator.Deploy.0 = Release|Any CPU
		{BB47D7D1-1AE9-4F4C-A39A-0DF454F94206}.Debug|Any CPU.ActiveCfg = Debug|Any CPU
		{BB47D7D1-1AE9-4F4C-A39A-0DF454F94206}.Debug|Any CPU.Build.0 = Debug|Any CPU
		{BB47D7D1-1AE9-4F4C-A39A-0DF454F94206}.Debug|Any CPU.Deploy.0 = Debug|Any CPU
		{BB47D7D1-1AE9-4F4C-A39A-0DF454F94206}.Debug|iPhone.ActiveCfg = Debug|Any CPU
		{BB47D7D1-1AE9-4F4C-A39A-0DF454F94206}.Debug|iPhone.Build.0 = Debug|Any CPU
		{BB47D7D1-1AE9-4F4C-A39A-0DF454F94206}.Debug|iPhone.Deploy.0 = Debug|Any CPU
		{BB47D7D1-1AE9-4F4C-A39A-0DF454F94206}.Debug|iPhoneSimulator.ActiveCfg = Debug|Any CPU
		{BB47D7D1-1AE9-4F4C-A39A-0DF454F94206}.Debug|iPhoneSimulator.Build.0 = Debug|Any CPU
		{BB47D7D1-1AE9-4F4C-A39A-0DF454F94206}.Debug|iPhoneSimulator.Deploy.0 = Debug|Any CPU
		{BB47D7D1-1AE9-4F4C-A39A-0DF454F94206}.Release|Any CPU.ActiveCfg = Release|Any CPU
		{BB47D7D1-1AE9-4F4C-A39A-0DF454F94206}.Release|Any CPU.Build.0 = Release|Any CPU
		{BB47D7D1-1AE9-4F4C-A39A-0DF454F94206}.Release|Any CPU.Deploy.0 = Release|Any CPU
		{BB47D7D1-1AE9-4F4C-A39A-0DF454F94206}.Release|iPhone.ActiveCfg = Release|Any CPU
		{BB47D7D1-1AE9-4F4C-A39A-0DF454F94206}.Release|iPhone.Build.0 = Release|Any CPU
		{BB47D7D1-1AE9-4F4C-A39A-0DF454F94206}.Release|iPhone.Deploy.0 = Release|Any CPU
		{BB47D7D1-1AE9-4F4C-A39A-0DF454F94206}.Release|iPhoneSimulator.ActiveCfg = Release|Any CPU
		{BB47D7D1-1AE9-4F4C-A39A-0DF454F94206}.Release|iPhoneSimulator.Build.0 = Release|Any CPU
		{BB47D7D1-1AE9-4F4C-A39A-0DF454F94206}.Release|iPhoneSimulator.Deploy.0 = Release|Any CPU
		{03D17BA9-F2C2-4B4E-A0CC-7C5EFFE8F1D7}.Ad-Hoc|Any CPU.ActiveCfg = Ad-Hoc|iPhone
		{03D17BA9-F2C2-4B4E-A0CC-7C5EFFE8F1D7}.Ad-Hoc|iPhone.ActiveCfg = Ad-Hoc|iPhone
		{03D17BA9-F2C2-4B4E-A0CC-7C5EFFE8F1D7}.Ad-Hoc|iPhone.Build.0 = Ad-Hoc|iPhone
		{03D17BA9-F2C2-4B4E-A0CC-7C5EFFE8F1D7}.Ad-Hoc|iPhoneSimulator.ActiveCfg = Ad-Hoc|iPhoneSimulator
		{03D17BA9-F2C2-4B4E-A0CC-7C5EFFE8F1D7}.Ad-Hoc|iPhoneSimulator.Build.0 = Ad-Hoc|iPhoneSimulator
		{03D17BA9-F2C2-4B4E-A0CC-7C5EFFE8F1D7}.AppStore|Any CPU.ActiveCfg = AppStore|iPhone
		{03D17BA9-F2C2-4B4E-A0CC-7C5EFFE8F1D7}.AppStore|iPhone.ActiveCfg = AppStore|iPhone
		{03D17BA9-F2C2-4B4E-A0CC-7C5EFFE8F1D7}.AppStore|iPhone.Build.0 = AppStore|iPhone
		{03D17BA9-F2C2-4B4E-A0CC-7C5EFFE8F1D7}.AppStore|iPhoneSimulator.ActiveCfg = AppStore|iPhoneSimulator
		{03D17BA9-F2C2-4B4E-A0CC-7C5EFFE8F1D7}.AppStore|iPhoneSimulator.Build.0 = AppStore|iPhoneSimulator
		{03D17BA9-F2C2-4B4E-A0CC-7C5EFFE8F1D7}.Debug|Any CPU.ActiveCfg = Debug|iPhone
		{03D17BA9-F2C2-4B4E-A0CC-7C5EFFE8F1D7}.Debug|iPhone.ActiveCfg = Debug|iPhone
		{03D17BA9-F2C2-4B4E-A0CC-7C5EFFE8F1D7}.Debug|iPhone.Build.0 = Debug|iPhone
		{03D17BA9-F2C2-4B4E-A0CC-7C5EFFE8F1D7}.Debug|iPhoneSimulator.ActiveCfg = Debug|iPhoneSimulator
		{03D17BA9-F2C2-4B4E-A0CC-7C5EFFE8F1D7}.Debug|iPhoneSimulator.Build.0 = Debug|iPhoneSimulator
		{03D17BA9-F2C2-4B4E-A0CC-7C5EFFE8F1D7}.Release|Any CPU.ActiveCfg = Release|iPhone
		{03D17BA9-F2C2-4B4E-A0CC-7C5EFFE8F1D7}.Release|iPhone.ActiveCfg = Release|iPhone
		{03D17BA9-F2C2-4B4E-A0CC-7C5EFFE8F1D7}.Release|iPhone.Build.0 = Release|iPhone
		{03D17BA9-F2C2-4B4E-A0CC-7C5EFFE8F1D7}.Release|iPhoneSimulator.ActiveCfg = Release|iPhoneSimulator
		{03D17BA9-F2C2-4B4E-A0CC-7C5EFFE8F1D7}.Release|iPhoneSimulator.Build.0 = Release|iPhoneSimulator
		{64014CA7-29A9-4A01-8C4B-6E4A8940599F}.Ad-Hoc|Any CPU.ActiveCfg = Debug|Any CPU
		{64014CA7-29A9-4A01-8C4B-6E4A8940599F}.Ad-Hoc|Any CPU.Build.0 = Debug|Any CPU
		{64014CA7-29A9-4A01-8C4B-6E4A8940599F}.Ad-Hoc|iPhone.ActiveCfg = Debug|Any CPU
		{64014CA7-29A9-4A01-8C4B-6E4A8940599F}.Ad-Hoc|iPhone.Build.0 = Debug|Any CPU
		{64014CA7-29A9-4A01-8C4B-6E4A8940599F}.Ad-Hoc|iPhoneSimulator.ActiveCfg = Debug|Any CPU
		{64014CA7-29A9-4A01-8C4B-6E4A8940599F}.Ad-Hoc|iPhoneSimulator.Build.0 = Debug|Any CPU
		{64014CA7-29A9-4A01-8C4B-6E4A8940599F}.AppStore|Any CPU.ActiveCfg = Debug|Any CPU
		{64014CA7-29A9-4A01-8C4B-6E4A8940599F}.AppStore|Any CPU.Build.0 = Debug|Any CPU
		{64014CA7-29A9-4A01-8C4B-6E4A8940599F}.AppStore|iPhone.ActiveCfg = Debug|Any CPU
		{64014CA7-29A9-4A01-8C4B-6E4A8940599F}.AppStore|iPhone.Build.0 = Debug|Any CPU
		{64014CA7-29A9-4A01-8C4B-6E4A8940599F}.AppStore|iPhoneSimulator.ActiveCfg = Debug|Any CPU
		{64014CA7-29A9-4A01-8C4B-6E4A8940599F}.AppStore|iPhoneSimulator.Build.0 = Debug|Any CPU
		{64014CA7-29A9-4A01-8C4B-6E4A8940599F}.Debug|Any CPU.ActiveCfg = Debug|Any CPU
		{64014CA7-29A9-4A01-8C4B-6E4A8940599F}.Debug|Any CPU.Build.0 = Debug|Any CPU
		{64014CA7-29A9-4A01-8C4B-6E4A8940599F}.Debug|iPhone.ActiveCfg = Debug|Any CPU
		{64014CA7-29A9-4A01-8C4B-6E4A8940599F}.Debug|iPhone.Build.0 = Debug|Any CPU
		{64014CA7-29A9-4A01-8C4B-6E4A8940599F}.Debug|iPhoneSimulator.ActiveCfg = Debug|Any CPU
		{64014CA7-29A9-4A01-8C4B-6E4A8940599F}.Debug|iPhoneSimulator.Build.0 = Debug|Any CPU
		{64014CA7-29A9-4A01-8C4B-6E4A8940599F}.Release|Any CPU.ActiveCfg = Release|Any CPU
		{64014CA7-29A9-4A01-8C4B-6E4A8940599F}.Release|Any CPU.Build.0 = Release|Any CPU
		{64014CA7-29A9-4A01-8C4B-6E4A8940599F}.Release|iPhone.ActiveCfg = Release|Any CPU
		{64014CA7-29A9-4A01-8C4B-6E4A8940599F}.Release|iPhone.Build.0 = Release|Any CPU
		{64014CA7-29A9-4A01-8C4B-6E4A8940599F}.Release|iPhoneSimulator.ActiveCfg = Release|Any CPU
		{64014CA7-29A9-4A01-8C4B-6E4A8940599F}.Release|iPhoneSimulator.Build.0 = Release|Any CPU
		{848FC59D-BBAD-46FD-A3E7-FB894A98956B}.Ad-Hoc|Any CPU.ActiveCfg = Debug|Any CPU
		{848FC59D-BBAD-46FD-A3E7-FB894A98956B}.Ad-Hoc|Any CPU.Build.0 = Debug|Any CPU
		{848FC59D-BBAD-46FD-A3E7-FB894A98956B}.Ad-Hoc|iPhone.ActiveCfg = Debug|Any CPU
		{848FC59D-BBAD-46FD-A3E7-FB894A98956B}.Ad-Hoc|iPhone.Build.0 = Debug|Any CPU
		{848FC59D-BBAD-46FD-A3E7-FB894A98956B}.Ad-Hoc|iPhoneSimulator.ActiveCfg = Debug|Any CPU
		{848FC59D-BBAD-46FD-A3E7-FB894A98956B}.Ad-Hoc|iPhoneSimulator.Build.0 = Debug|Any CPU
		{848FC59D-BBAD-46FD-A3E7-FB894A98956B}.AppStore|Any CPU.ActiveCfg = Debug|Any CPU
		{848FC59D-BBAD-46FD-A3E7-FB894A98956B}.AppStore|Any CPU.Build.0 = Debug|Any CPU
		{848FC59D-BBAD-46FD-A3E7-FB894A98956B}.AppStore|iPhone.ActiveCfg = Debug|Any CPU
		{848FC59D-BBAD-46FD-A3E7-FB894A98956B}.AppStore|iPhone.Build.0 = Debug|Any CPU
		{848FC59D-BBAD-46FD-A3E7-FB894A98956B}.AppStore|iPhoneSimulator.ActiveCfg = Debug|Any CPU
		{848FC59D-BBAD-46FD-A3E7-FB894A98956B}.AppStore|iPhoneSimulator.Build.0 = Debug|Any CPU
		{848FC59D-BBAD-46FD-A3E7-FB894A98956B}.Debug|Any CPU.ActiveCfg = Debug|Any CPU
		{848FC59D-BBAD-46FD-A3E7-FB894A98956B}.Debug|Any CPU.Build.0 = Debug|Any CPU
		{848FC59D-BBAD-46FD-A3E7-FB894A98956B}.Debug|iPhone.ActiveCfg = Debug|Any CPU
		{848FC59D-BBAD-46FD-A3E7-FB894A98956B}.Debug|iPhone.Build.0 = Debug|Any CPU
		{848FC59D-BBAD-46FD-A3E7-FB894A98956B}.Debug|iPhoneSimulator.ActiveCfg = Debug|Any CPU
		{848FC59D-BBAD-46FD-A3E7-FB894A98956B}.Debug|iPhoneSimulator.Build.0 = Debug|Any CPU
		{848FC59D-BBAD-46FD-A3E7-FB894A98956B}.Release|Any CPU.ActiveCfg = Release|Any CPU
		{848FC59D-BBAD-46FD-A3E7-FB894A98956B}.Release|Any CPU.Build.0 = Release|Any CPU
		{848FC59D-BBAD-46FD-A3E7-FB894A98956B}.Release|iPhone.ActiveCfg = Release|Any CPU
		{848FC59D-BBAD-46FD-A3E7-FB894A98956B}.Release|iPhone.Build.0 = Release|Any CPU
		{848FC59D-BBAD-46FD-A3E7-FB894A98956B}.Release|iPhoneSimulator.ActiveCfg = Release|Any CPU
		{848FC59D-BBAD-46FD-A3E7-FB894A98956B}.Release|iPhoneSimulator.Build.0 = Release|Any CPU
		{8D491BAD-7A5C-45B8-A63C-3C304B30B8DC}.Ad-Hoc|Any CPU.ActiveCfg = Debug|Any CPU
		{8D491BAD-7A5C-45B8-A63C-3C304B30B8DC}.Ad-Hoc|Any CPU.Build.0 = Debug|Any CPU
		{8D491BAD-7A5C-45B8-A63C-3C304B30B8DC}.Ad-Hoc|iPhone.ActiveCfg = Debug|Any CPU
		{8D491BAD-7A5C-45B8-A63C-3C304B30B8DC}.Ad-Hoc|iPhone.Build.0 = Debug|Any CPU
		{8D491BAD-7A5C-45B8-A63C-3C304B30B8DC}.Ad-Hoc|iPhoneSimulator.ActiveCfg = Debug|Any CPU
		{8D491BAD-7A5C-45B8-A63C-3C304B30B8DC}.Ad-Hoc|iPhoneSimulator.Build.0 = Debug|Any CPU
		{8D491BAD-7A5C-45B8-A63C-3C304B30B8DC}.AppStore|Any CPU.ActiveCfg = Debug|Any CPU
		{8D491BAD-7A5C-45B8-A63C-3C304B30B8DC}.AppStore|Any CPU.Build.0 = Debug|Any CPU
		{8D491BAD-7A5C-45B8-A63C-3C304B30B8DC}.AppStore|iPhone.ActiveCfg = Debug|Any CPU
		{8D491BAD-7A5C-45B8-A63C-3C304B30B8DC}.AppStore|iPhone.Build.0 = Debug|Any CPU
		{8D491BAD-7A5C-45B8-A63C-3C304B30B8DC}.AppStore|iPhoneSimulator.ActiveCfg = Debug|Any CPU
		{8D491BAD-7A5C-45B8-A63C-3C304B30B8DC}.AppStore|iPhoneSimulator.Build.0 = Debug|Any CPU
		{8D491BAD-7A5C-45B8-A63C-3C304B30B8DC}.Debug|Any CPU.ActiveCfg = Debug|Any CPU
		{8D491BAD-7A5C-45B8-A63C-3C304B30B8DC}.Debug|Any CPU.Build.0 = Debug|Any CPU
		{8D491BAD-7A5C-45B8-A63C-3C304B30B8DC}.Debug|iPhone.ActiveCfg = Debug|Any CPU
		{8D491BAD-7A5C-45B8-A63C-3C304B30B8DC}.Debug|iPhone.Build.0 = Debug|Any CPU
		{8D491BAD-7A5C-45B8-A63C-3C304B30B8DC}.Debug|iPhoneSimulator.ActiveCfg = Debug|Any CPU
		{8D491BAD-7A5C-45B8-A63C-3C304B30B8DC}.Debug|iPhoneSimulator.Build.0 = Debug|Any CPU
		{8D491BAD-7A5C-45B8-A63C-3C304B30B8DC}.Release|Any CPU.ActiveCfg = Release|Any CPU
		{8D491BAD-7A5C-45B8-A63C-3C304B30B8DC}.Release|Any CPU.Build.0 = Release|Any CPU
		{8D491BAD-7A5C-45B8-A63C-3C304B30B8DC}.Release|iPhone.ActiveCfg = Release|Any CPU
		{8D491BAD-7A5C-45B8-A63C-3C304B30B8DC}.Release|iPhone.Build.0 = Release|Any CPU
		{8D491BAD-7A5C-45B8-A63C-3C304B30B8DC}.Release|iPhoneSimulator.ActiveCfg = Release|Any CPU
		{8D491BAD-7A5C-45B8-A63C-3C304B30B8DC}.Release|iPhoneSimulator.Build.0 = Release|Any CPU
		{EB5579E2-D05B-48AE-BD97-595E7EB63C63}.Ad-Hoc|Any CPU.ActiveCfg = Debug|Any CPU
		{EB5579E2-D05B-48AE-BD97-595E7EB63C63}.Ad-Hoc|Any CPU.Build.0 = Debug|Any CPU
		{EB5579E2-D05B-48AE-BD97-595E7EB63C63}.Ad-Hoc|iPhone.ActiveCfg = Debug|Any CPU
		{EB5579E2-D05B-48AE-BD97-595E7EB63C63}.Ad-Hoc|iPhone.Build.0 = Debug|Any CPU
		{EB5579E2-D05B-48AE-BD97-595E7EB63C63}.Ad-Hoc|iPhoneSimulator.ActiveCfg = Debug|Any CPU
		{EB5579E2-D05B-48AE-BD97-595E7EB63C63}.Ad-Hoc|iPhoneSimulator.Build.0 = Debug|Any CPU
		{EB5579E2-D05B-48AE-BD97-595E7EB63C63}.AppStore|Any CPU.ActiveCfg = Debug|Any CPU
		{EB5579E2-D05B-48AE-BD97-595E7EB63C63}.AppStore|Any CPU.Build.0 = Debug|Any CPU
		{EB5579E2-D05B-48AE-BD97-595E7EB63C63}.AppStore|iPhone.ActiveCfg = Debug|Any CPU
		{EB5579E2-D05B-48AE-BD97-595E7EB63C63}.AppStore|iPhone.Build.0 = Debug|Any CPU
		{EB5579E2-D05B-48AE-BD97-595E7EB63C63}.AppStore|iPhoneSimulator.ActiveCfg = Debug|Any CPU
		{EB5579E2-D05B-48AE-BD97-595E7EB63C63}.AppStore|iPhoneSimulator.Build.0 = Debug|Any CPU
		{EB5579E2-D05B-48AE-BD97-595E7EB63C63}.Debug|Any CPU.ActiveCfg = Debug|Any CPU
		{EB5579E2-D05B-48AE-BD97-595E7EB63C63}.Debug|Any CPU.Build.0 = Debug|Any CPU
		{EB5579E2-D05B-48AE-BD97-595E7EB63C63}.Debug|iPhone.ActiveCfg = Debug|Any CPU
		{EB5579E2-D05B-48AE-BD97-595E7EB63C63}.Debug|iPhone.Build.0 = Debug|Any CPU
		{EB5579E2-D05B-48AE-BD97-595E7EB63C63}.Debug|iPhoneSimulator.ActiveCfg = Debug|Any CPU
		{EB5579E2-D05B-48AE-BD97-595E7EB63C63}.Debug|iPhoneSimulator.Build.0 = Debug|Any CPU
		{EB5579E2-D05B-48AE-BD97-595E7EB63C63}.Release|Any CPU.ActiveCfg = Release|Any CPU
		{EB5579E2-D05B-48AE-BD97-595E7EB63C63}.Release|Any CPU.Build.0 = Release|Any CPU
		{EB5579E2-D05B-48AE-BD97-595E7EB63C63}.Release|iPhone.ActiveCfg = Release|Any CPU
		{EB5579E2-D05B-48AE-BD97-595E7EB63C63}.Release|iPhone.Build.0 = Release|Any CPU
		{EB5579E2-D05B-48AE-BD97-595E7EB63C63}.Release|iPhoneSimulator.ActiveCfg = Release|Any CPU
		{EB5579E2-D05B-48AE-BD97-595E7EB63C63}.Release|iPhoneSimulator.Build.0 = Release|Any CPU
		{2754432C-E714-45BE-A31C-2C55C198D197}.Ad-Hoc|Any CPU.ActiveCfg = Debug|Any CPU
		{2754432C-E714-45BE-A31C-2C55C198D197}.Ad-Hoc|Any CPU.Build.0 = Debug|Any CPU
		{2754432C-E714-45BE-A31C-2C55C198D197}.Ad-Hoc|iPhone.ActiveCfg = Debug|Any CPU
		{2754432C-E714-45BE-A31C-2C55C198D197}.Ad-Hoc|iPhone.Build.0 = Debug|Any CPU
		{2754432C-E714-45BE-A31C-2C55C198D197}.Ad-Hoc|iPhoneSimulator.ActiveCfg = Debug|Any CPU
		{2754432C-E714-45BE-A31C-2C55C198D197}.Ad-Hoc|iPhoneSimulator.Build.0 = Debug|Any CPU
		{2754432C-E714-45BE-A31C-2C55C198D197}.AppStore|Any CPU.ActiveCfg = Debug|Any CPU
		{2754432C-E714-45BE-A31C-2C55C198D197}.AppStore|Any CPU.Build.0 = Debug|Any CPU
		{2754432C-E714-45BE-A31C-2C55C198D197}.AppStore|iPhone.ActiveCfg = Debug|Any CPU
		{2754432C-E714-45BE-A31C-2C55C198D197}.AppStore|iPhone.Build.0 = Debug|Any CPU
		{2754432C-E714-45BE-A31C-2C55C198D197}.AppStore|iPhoneSimulator.ActiveCfg = Debug|Any CPU
		{2754432C-E714-45BE-A31C-2C55C198D197}.AppStore|iPhoneSimulator.Build.0 = Debug|Any CPU
		{2754432C-E714-45BE-A31C-2C55C198D197}.Debug|Any CPU.ActiveCfg = Debug|Any CPU
		{2754432C-E714-45BE-A31C-2C55C198D197}.Debug|Any CPU.Build.0 = Debug|Any CPU
		{2754432C-E714-45BE-A31C-2C55C198D197}.Debug|iPhone.ActiveCfg = Debug|Any CPU
		{2754432C-E714-45BE-A31C-2C55C198D197}.Debug|iPhone.Build.0 = Debug|Any CPU
		{2754432C-E714-45BE-A31C-2C55C198D197}.Debug|iPhoneSimulator.ActiveCfg = Debug|Any CPU
		{2754432C-E714-45BE-A31C-2C55C198D197}.Debug|iPhoneSimulator.Build.0 = Debug|Any CPU
		{2754432C-E714-45BE-A31C-2C55C198D197}.Release|Any CPU.ActiveCfg = Release|Any CPU
		{2754432C-E714-45BE-A31C-2C55C198D197}.Release|Any CPU.Build.0 = Release|Any CPU
		{2754432C-E714-45BE-A31C-2C55C198D197}.Release|iPhone.ActiveCfg = Release|Any CPU
		{2754432C-E714-45BE-A31C-2C55C198D197}.Release|iPhone.Build.0 = Release|Any CPU
		{2754432C-E714-45BE-A31C-2C55C198D197}.Release|iPhoneSimulator.ActiveCfg = Release|Any CPU
		{2754432C-E714-45BE-A31C-2C55C198D197}.Release|iPhoneSimulator.Build.0 = Release|Any CPU
	EndGlobalSection
	GlobalSection(SolutionProperties) = preSolution
		HideSolutionNode = FALSE
	EndGlobalSection
	GlobalSection(NestedProjects) = preSolution
		{618A8A93-5E8C-4264-80C7-774DADEB295A} = {8BAA42E5-6635-44C8-BD08-4D4C7909DEAF}
		{93679FA9-14D8-4AE3-98B3-C9086F16F955} = {618A8A93-5E8C-4264-80C7-774DADEB295A}
		{536401EA-BA09-4A88-8BD6-40A657C36866} = {618A8A93-5E8C-4264-80C7-774DADEB295A}
		{BF3AC280-B688-4E1C-AA60-E351B9537DCF} = {536401EA-BA09-4A88-8BD6-40A657C36866}
		{E6C708B7-4AF1-4C31-94E0-9FA7A398FFA6} = {93679FA9-14D8-4AE3-98B3-C9086F16F955}
		{506BBE30-04AF-4803-8D36-C54AEBAD1688} = {8BAA42E5-6635-44C8-BD08-4D4C7909DEAF}
		{86E4C011-967C-4178-A968-7000CA7CFF5A} = {93679FA9-14D8-4AE3-98B3-C9086F16F955}
		{914C31FA-B304-4286-BDDE-C077A3F15E51} = {8BAA42E5-6635-44C8-BD08-4D4C7909DEAF}
		{7B1B6E35-C7A7-4761-943F-176533CF9A4E} = {914C31FA-B304-4286-BDDE-C077A3F15E51}
		{AFDBD1F4-4BDD-4122-848A-8EA2F25CD194} = {7B1B6E35-C7A7-4761-943F-176533CF9A4E}
		{9B9D10FA-EF5C-4C3D-903C-0DBBFBAB9A73} = {506BBE30-04AF-4803-8D36-C54AEBAD1688}
		{BB47D7D1-1AE9-4F4C-A39A-0DF454F94206} = {9B9D10FA-EF5C-4C3D-903C-0DBBFBAB9A73}
		{03D17BA9-F2C2-4B4E-A0CC-7C5EFFE8F1D7} = {9B9D10FA-EF5C-4C3D-903C-0DBBFBAB9A73}
		{7D972E8D-F761-4E7A-B8BF-46E612DD4E98} = {9B9D10FA-EF5C-4C3D-903C-0DBBFBAB9A73}
		{DEAC456B-B06B-4729-8017-4F7F8493A0C0} = {914C31FA-B304-4286-BDDE-C077A3F15E51}
		{64014CA7-29A9-4A01-8C4B-6E4A8940599F} = {DEAC456B-B06B-4729-8017-4F7F8493A0C0}
		{7333F6EC-9585-4760-B189-4EDC65FD0A60} = {8BAA42E5-6635-44C8-BD08-4D4C7909DEAF}
		{0617C697-6392-4C2A-A9BC-CEA30145277A} = {7333F6EC-9585-4760-B189-4EDC65FD0A60}
		{CF02A4E2-30BF-432A-A6D7-62AF859A8FFD} = {914C31FA-B304-4286-BDDE-C077A3F15E51}
		{0F63EF31-60D9-44F1-A13C-07A3D98BAD4F} = {7333F6EC-9585-4760-B189-4EDC65FD0A60}
		{67513032-8CF0-4741-AFC6-4308B8A88FE8} = {8BAA42E5-6635-44C8-BD08-4D4C7909DEAF}
		{848FC59D-BBAD-46FD-A3E7-FB894A98956B} = {67513032-8CF0-4741-AFC6-4308B8A88FE8}
		{8D491BAD-7A5C-45B8-A63C-3C304B30B8DC} = {0F63EF31-60D9-44F1-A13C-07A3D98BAD4F}
		{EB5579E2-D05B-48AE-BD97-595E7EB63C63} = {CF02A4E2-30BF-432A-A6D7-62AF859A8FFD}
		{2754432C-E714-45BE-A31C-2C55C198D197} = {CF02A4E2-30BF-432A-A6D7-62AF859A8FFD}
	EndGlobalSection
	GlobalSection(ExtensibilityGlobals) = postSolution
		SolutionGuid = {AD27DEE9-98A5-4E6F-B4B9-5A7A944DAC13}
	EndGlobalSection
EndGlobal
